github.com/davecgh/go-spew v1.1.0 h1:ZDRjVQ15GmhC3fiQ8ni8+OwkZQO4DARzQgrnXU1Liz8=
github.com/davecgh/go-spew v1.1.0/go.mod h1:J7Y8YcW2NihsgmVo/mv3lAwl/skON4iLHjSsI+c5H38=
github.com/go-test/deep v1.0.2/go.mod h1:wGDj63lr65AM2AQyKZd/NYHGb0R+1RLqB8NKt3aSFNA=
github.com/plandem/ooxml v0.0.0-20190815025427-79aa95ade100 h1:HsqBfcBC/xOvFERKFikX24xkBm3Mmrewc1JH7+kb2js=
github.com/plandem/ooxml v0.0.0-20190815025427-79aa95ade100/go.mod h1:6ZGylBk9B60EDlMS2DjcXt5laACXuY2huRgQME1KX2A=
github.com/plandem/ooxml v0.0.0-20190815165058-1f095cbd2a9d h1:0n41JDYP8lG/vtbrqTYDxOmEUVtpQf7hlE5ruXgkGmg=
github.com/plandem/ooxml v0.0.0-20190815165058-1f095cbd2a9d/go.mod h1:6ZGylBk9B60EDlMS2DjcXt5laACXuY2huRgQME1KX2A=
github.com/plandem/ooxml v0.0.0-20190816024647-dcc1989e76b2 h1:+i8aLR5D8OCzH4g0NXfA+CuCEEnK92guz/5bdy9keXA=
github.com/plandem/ooxml v0.0.0-20190816024647-dcc1989e76b2/go.mod h1:6ZGylBk9B60EDlMS2DjcXt5laACXuY2huRgQME1KX2A=
github.com/plandem/ooxml v0.0.0-20190816025459-c580ec13af55 h1:W6zCzMCtCmtUG6ineO0kI48kYuYZmk4bxdhGBM7AmPw=
github.com/plandem/ooxml v0.0.0-20190816025459-c580ec13af55/go.mod h1:6ZGylBk9B60EDlMS2DjcXt5laACXuY2huRgQME1KX2A=
github.com/plandem/ooxml v0.0.0-20190816030835-f91165d479a8 h1:wx0hRGu2GTpkuSKyu3SrzXx4XMUGZGhpOpPyTYCAIBA=
github.com/plandem/ooxml v0.0.0-20190816030835-f91165d479a8/go.mod h1:6ZGylBk9B60EDlMS2DjcXt5laACXuY2huRgQME1KX2A=
github.com/plandem/ooxml v0.0.0-20190816031400-ee342ec5abec h1:gskQUiEC5lJXHRdKbR9mnmirmXxjmsBIBDRuRtPeuHI=
github.com/plandem/ooxml v0.0.0-20190816031400-ee342ec5abec/go.mod h1:6ZGylBk9B60EDlMS2DjcXt5laACXuY2huRgQME1KX2A=
github.com/plandem/ooxml v0.0.0-20190816035646-303f97470d1a h1:cKsjJ49vFu3Z01KVnzdj8GBFm5POXU4o/1DSyhTAFm4=
github.com/plandem/ooxml v0.0.0-20190816035646-303f97470d1a/go.mod h1:6ZGylBk9B60EDlMS2DjcXt5laACXuY2huRgQME1KX2A=
github.com/plandem/ooxml v0.0.0-20190816141728-74e4dc933fd3 h1:DK/pPCzDyffv+nt142DEpsdmXKc32VlPMOqH+pZlt68=
github.com/plandem/ooxml v0.0.0-20190816141728-74e4dc933fd3/go.mod h1:6ZGylBk9B60EDlMS2DjcXt5laACXuY2huRgQME1KX2A=
github.com/plandem/ooxml v0.0.0-20190816163708-9721c8653e0b h1:I5sDErFI37EiygZQuyBMY7o5vX2y/czka7UHTLi0wTc=
github.com/plandem/ooxml v0.0.0-20190816163708-9721c8653e0b/go.mod h1:6ZGylBk9B60EDlMS2DjcXt5laACXuY2huRgQME1KX2A=
github.com/plandem/ooxml v0.0.0-20190816164922-b49b41e55910 h1:s38qmH65iZMPPyGQBrLsvr1/p2K2KnLaG2MH9jxooYY=
github.com/plandem/ooxml v0.0.0-20190816164922-b49b41e55910/go.mod h1:6ZGylBk9B60EDlMS2DjcXt5laACXuY2huRgQME1KX2A=
github.com/plandem/ooxml v0.0.0-20190816165032-67873e13a3ec h1:onabOHZ6G7lnkpT/Mg3RW7TxmzCzXd9fmVGPW6C9ZKU=
github.com/plandem/ooxml v0.0.0-20190816165032-67873e13a3ec/go.mod h1:6ZGylBk9B60EDlMS2DjcXt5laACXuY2huRgQME1KX2A=
github.com/plandem/ooxml v0.0.0-20190816174259-bf8fbf9c24ee h1:cqj7fH51hHJbVCK19AJxcv2IEnSd8uz0PrKbmieqdzE=
github.com/plandem/ooxml v0.0.0-20190816174259-bf8fbf9c24ee/go.mod h1:6ZGylBk9B60EDlMS2DjcXt5laACXuY2huRgQME1KX2A=
github.com/plandem/ooxml v0.0.0-20190816181955-7fabc9b8536e h1:ykEgC48m2tBZUjhpB13HVkpWYoAv1qzz2bICv2yYtaw=
github.com/plandem/ooxml v0.0.0-20190816181955-7fabc9b8536e/go.mod h1:6ZGylBk9B60EDlMS2DjcXt5laACXuY2huRgQME1KX2A=
github.com/plandem/ooxml v1.1.0 h1:A5wWAcTleoqSF8W5qGL6TJf5oa7TXm5S+0+HtHKEMZo=
github.com/plandem/ooxml v1.1.0/go.mod h1:6ZGylBk9B60EDlMS2DjcXt5laACXuY2huRgQME1KX2A=
github.com/plandem/ooxml v1.1.1 h1:YfCx3WOfyrIJBajs9V3PU4DVpgLvZDrQsH6Q0v0bwIs=
github.com/plandem/ooxml v1.1.1/go.mod h1:6ZGylBk9B60EDlMS2DjcXt5laACXuY2huRgQME1KX2A=
github.com/plandem/ooxml v1.1.2 h1:f/ML/k501oeQiODK5O7YRheFWLvdgP3X5hzyaKakcnE=
github.com/plandem/ooxml v1.1.2/go.mod h1:6ZGylBk9B60EDlMS2DjcXt5laACXuY2huRgQME1KX2A=
github.com/plandem/ooxml v1.1.4 h1:xCFVkKsgEqFGGw5l4SgFbhP01s6hkK2h3IcSg9kgjdk=
github.com/plandem/ooxml v1.1.4/go.mod h1:6ZGylBk9B60EDlMS2DjcXt5laACXuY2huRgQME1KX2A=
github.com/plandem/ooxml v1.1.5 h1:zznd4br73V7chsGoRV1H/kCJNOMLq8wqi3N6+TtBxLE=
github.com/plandem/ooxml v1.1.5/go.mod h1:6ZGylBk9B60EDlMS2DjcXt5laACXuY2huRgQME1KX2A=
github.com/plandem/ooxml v1.1.6 h1:f3NfHzeBvuWWYipzMHY194R7K3UWVgnbmkovt6Gxwy4=
github.com/plandem/ooxml v1.1.6/go.mod h1:6ZGylBk9B60EDlMS2DjcXt5laACXuY2huRgQME1KX2A=
github.com/plandem/ooxml v1.1.7-0.20190815015056-239ac9c525bb h1:GzZKqo5yTz8g7cGkNCE2yZ5e4G4ZJPoi5p/AqK39yQI=
github.com/plandem/ooxml v1.1.7-0.20190815015056-239ac9c525bb/go.mod h1:6ZGylBk9B60EDlMS2DjcXt5laACXuY2huRgQME1KX2A=
github.com/pmezard/go-difflib v1.0.0 h1:4DBwDE0NGyQoBHbLQYPwSUPoCMWR5BEzIk/f1lZbAQM=
github.com/pmezard/go-difflib v1.0.0/go.mod h1:iKH77koFhYxTK1pcRnkKkqfTogsbg7gZNVY4sRDYZ/4=
github.com/stretchr/objx v0.1.0/go.mod h1:HFkY916IF+rwdDfMAkV7OtwuqBVzrE8GR6GFx+wExME=
github.com/stretchr/testify v1.3.0 h1:TivCn/peBQ7UY8ooIcPgZFpTNSz0Q2U6UrFlUfqbe0Q=
github.com/stretchr/testify v1.3.0/go.mod h1:M5WIy9Dh21IEIfnGCwXGc5bZfKNJtfHm1UVUgZn+9EI=
