github.com/davecgh/go-spew v1.1.0 h1:ZDRjVQ15GmhC3fiQ8ni8+OwkZQO4DARzQgrnXU1Liz8=
github.com/davecgh/go-spew v1.1.0/go.mod h1:J7Y8YcW2NihsgmVo/mv3lAwl/skON4iLHjSsI+c5H38=
github.com/go-test/deep v1.0.2/go.mod h1:wGDj63lr65AM2AQyKZd/NYHGb0R+1RLqB8NKt3aSFNA=
github.com/plandem/ooxml v1.1.0 h1:A5wWAcTleoqSF8W5qGL6TJf5oa7TXm5S+0+HtHKEMZo=
github.com/plandem/ooxml v1.1.0/go.mod h1:6ZGylBk9B60EDlMS2DjcXt5laACXuY2huRgQME1KX2A=
github.com/plandem/ooxml v1.1.1 h1:YfCx3WOfyrIJBajs9V3PU4DVpgLvZDrQsH6Q0v0bwIs=
github.com/plandem/ooxml v1.1.1/go.mod h1:6ZGylBk9B60EDlMS2DjcXt5laACXuY2huRgQME1KX2A=
github.com/plandem/ooxml v1.1.2 h1:f/ML/k501oeQiODK5O7YRheFWLvdgP3X5hzyaKakcnE=
github.com/plandem/ooxml v1.1.2/go.mod h1:6ZGylBk9B60EDlMS2DjcXt5laACXuY2huRgQME1KX2A=
github.com/pmezard/go-difflib v1.0.0 h1:4DBwDE0NGyQoBHbLQYPwSUPoCMWR5BEzIk/f1lZbAQM=
github.com/pmezard/go-difflib v1.0.0/go.mod h1:iKH77koFhYxTK1pcRnkKkqfTogsbg7gZNVY4sRDYZ/4=
github.com/stretchr/objx v0.1.0/go.mod h1:HFkY916IF+rwdDfMAkV7OtwuqBVzrE8GR6GFx+wExME=
github.com/stretchr/testify v1.3.0 h1:TivCn/peBQ7UY8ooIcPgZFpTNSz0Q2U6UrFlUfqbe0Q=
github.com/stretchr/testify v1.3.0/go.mod h1:M5WIy9Dh21IEIfnGCwXGc5bZfKNJtfHm1UVUgZn+9EI=
