github.com/davecgh/go-spew v1.1.0 h1:ZDRjVQ15GmhC3fiQ8ni8+OwkZQO4DARzQgrnXU1Liz8=
github.com/davecgh/go-spew v1.1.0/go.mod h1:J7Y8YcW2NihsgmVo/mv3lAwl/skON4iLHjSsI+c5H38=
github.com/go-test/deep v1.0.2/go.mod h1:wGDj63lr65AM2AQyKZd/NYHGb0R+1RLqB8NKt3aSFNA=
github.com/plandem/ooxml v0.0.0-20190815025427-79aa95ade100 h1:HsqBfcBC/xOvFERKFikX24xkBm3Mmrewc1JH7+kb2js=
github.com/plandem/ooxml v0.0.0-20190815025427-79aa95ade100/go.mod h1:6ZGylBk9B60EDlMS2DjcXt5laACXuY2huRgQME1KX2A=
github.com/plandem/ooxml v0.0.0-20190815165058-1f095cbd2a9d h1:0n41JDYP8lG/vtbrqTYDxOmEUVtpQf7hlE5ruXgkGmg=
github.com/plandem/ooxml v0.0.0-20190815165058-1f095cbd2a9d/go.mod h1:6ZGylBk9B60EDlMS2DjcXt5laACXuY2huRgQME1KX2A=
github.com/plandem/ooxml v0.0.0-20190816024647-dcc1989e76b2 h1:+i8aLR5D8OCzH4g0NXfA+CuCEEnK92guz/5bdy9keXA=
github.com/plandem/ooxml v0.0.0-20190816024647-dcc1989e76b2/go.mod h1:6ZGylBk9B60EDlMS2DjcXt5laACXuY2huRgQME1KX2A=
github.com/plandem/ooxml v0.0.0-20190816025459-c580ec13af55 h1:W6zCzMCtCmtUG6ineO0kI48kYuYZmk4bxdhGBM7AmPw=
github.com/plandem/ooxml v0.0.0-20190816025459-c580ec13af55/go.mod h1:6ZGylBk9B60EDlMS2DjcXt5laACXuY2huRgQME1KX2A=
github.com/plandem/ooxml v0.0.0-20190816030835-f91165d479a8 h1:wx0hRGu2GTpkuSKyu3SrzXx4XMUGZGhpOpPyTYCAIBA=
github.com/plandem/ooxml v0.0.0-20190816030835-f91165d479a8/go.mod h1:6ZGylBk9B60EDlMS2DjcXt5laACXuY2huRgQME1KX2A=
github.com/plandem/ooxml v0.0.0-20190816031400-ee342ec5abec h1:gskQUiEC5lJXHRdKbR9mnmirmXxjmsBIBDRuRtPeuHI=
github.com/plandem/ooxml v0.0.0-20190816031400-ee342ec5abec/go.mod h1:6ZGylBk9B60EDlMS2DjcXt5laACXuY2huRgQME1KX2A=
github.com/plandem/ooxml v0.0.0-20190816035646-303f97470d1a h1:cKsjJ49vFu3Z01KVnzdj8GBFm5POXU4o/1DSyhTAFm4=
github.com/plandem/ooxml v0.0.0-20190816035646-303f97470d1a/go.mod h1:6ZGylBk9B60EDlMS2DjcXt5laACXuY2huRgQME1KX2A=
github.com/plandem/ooxml v0.0.0-20190816141728-74e4dc933fd3 h1:DK/pPCzDyffv+nt142DEpsdmXKc32VlPMOqH+pZlt68=
github.com/plandem/ooxml v0.0.0-20190816141728-74e4dc933fd3/go.mod h1:6ZGylBk9B60EDlMS2DjcXt5laACXuY2huRgQME1KX2A=
github.com/plandem/ooxml v0.0.0-20190816163708-9721c8653e0b h1:I5sDErFI37EiygZQuyBMY7o5vX2y/czka7UHTLi0wTc=
github.com/plandem/ooxml v0.0.0-20190816163708-9721c8653e0b/go.mod h1:6ZGylBk9B60EDlMS2DjcXt5laACXuY2huRgQME1KX2A=
github.com/plandem/ooxml v0.0.0-20190816164922-b49b41e55910 h1:s38qmH65iZMPPyGQBrLsvr1/p2K2KnLaG2MH9jxooYY=
github.com/plandem/ooxml v0.0.0-20190816164922-b49b41e55910/go.mod h1:6ZGylBk9B60EDlMS2DjcXt5laACXuY2huRgQME1KX2A=
github.com/plandem/ooxml v0.0.0-20190816165032-67873e13a3ec h1:onabOHZ6G7lnkpT/Mg3RW7TxmzCzXd9fmVGPW6C9ZKU=
github.com/plandem/ooxml v0.0.0-20190816165032-67873e13a3ec/go.mod h1:6ZGylBk9B60EDlMS2DjcXt5laACXuY2huRgQME1KX2A=
github.com/plandem/ooxml v0.0.0-20190816174259-bf8fbf9c24ee h1:cqj7fH51hHJbVCK19AJxcv2IEnSd8uz0PrKbmieqdzE=
github.com/plandem/ooxml v0.0.0-20190816174259-bf8fbf9c24ee/go.mod h1:6ZGylBk9B60EDlMS2DjcXt5laACXuY2huRgQME1KX2A=
github.com/plandem/ooxml v0.0.0-20190816181955-7fabc9b8536e h1:ykEgC48m2tBZUjhpB13HVkpWYoAv1qzz2bICv2yYtaw=
github.com/plandem/ooxml v0.0.0-20190816181955-7fabc9b8536e/go.mod h1:6ZGylBk9B60EDlMS2DjcXt5laACXuY2huRgQME1KX2A=
github.com/plandem/ooxml v0.0.0-20190816184114-df1662d0b4bd h1:47cp5+O+W6wdSTsXmu+qUsS1Iizwfj7VEYiSNpdITJA=
github.com/plandem/ooxml v0.0.0-20190816184114-df1662d0b4bd/go.mod h1:6ZGylBk9B60EDlMS2DjcXt5laACXuY2huRgQME1KX2A=
github.com/plandem/ooxml v0.0.0-20190816184703-ea38de133336 h1:vslLjWWjhT96ypMWKQYIcYe3ecwXFCpMmJkgdO8V1kU=
github.com/plandem/ooxml v0.0.0-20190816184703-ea38de133336/go.mod h1:6ZGylBk9B60EDlMS2DjcXt5laACXuY2huRgQME1KX2A=
github.com/plandem/ooxml v0.0.0-20190816221119-93cefa159461 h1:OBNbqI7I7uufuwJYU32uuOyKOBNJL9401DRG68FWrvA=
github.com/plandem/ooxml v0.0.0-20190816221119-93cefa159461/go.mod h1:6ZGylBk9B60EDlMS2DjcXt5laACXuY2huRgQME1KX2A=
github.com/plandem/ooxml v0.0.0-20190816223508-9f17d501c539 h1:UE//NQrbkfDX8ywREhmxHEYqju+BH9HI4WkV2tAgURI=
github.com/plandem/ooxml v0.0.0-20190816223508-9f17d501c539/go.mod h1:6ZGylBk9B60EDlMS2DjcXt5laACXuY2huRgQME1KX2A=
github.com/plandem/ooxml v0.0.0-20190816224806-ff8a7b269e4a h1:i360zZUynKWgCqp8Zx7XXr+mk2rg+Yjxo4iyXwJSrVE=
github.com/plandem/ooxml v0.0.0-20190816224806-ff8a7b269e4a/go.mod h1:6ZGylBk9B60EDlMS2DjcXt5laACXuY2huRgQME1KX2A=
github.com/plandem/ooxml v0.0.0-20190816230921-f7d258e576b1 h1:Cp48LWDO/3FLqI433x1Ke+hwyfZyatjwTsi9EVZxU14=
github.com/plandem/ooxml v0.0.0-20190816230921-f7d258e576b1/go.mod h1:6ZGylBk9B60EDlMS2DjcXt5laACXuY2huRgQME1KX2A=
github.com/plandem/ooxml v0.0.0-20190816231136-b74089aae88f h1:JNFqpkCm9yC3QaaMKYO+pZzmG+rzf2RzlpsrKqCb/pI=
github.com/plandem/ooxml v0.0.0-20190816231136-b74089aae88f/go.mod h1:6ZGylBk9B60EDlMS2DjcXt5laACXuY2huRgQME1KX2A=
github.com/plandem/ooxml v0.0.0-20190816231250-e660ecf51544 h1:AIhZyoG6Y2ZIiFa15f2y8ajSmbINK7prvr9b3ZmoFaA=
github.com/plandem/ooxml v0.0.0-20190816231250-e660ecf51544/go.mod h1:6ZGylBk9B60EDlMS2DjcXt5laACXuY2huRgQME1KX2A=
github.com/plandem/ooxml v0.0.0-20190816232012-469b2d7e00dd h1:0u430ZTdEeduqDojy/UimMGMUEubbCcBqlAyQxxBXzM=
github.com/plandem/ooxml v0.0.0-20190816232012-469b2d7e00dd/go.mod h1:6ZGylBk9B60EDlMS2DjcXt5laACXuY2huRgQME1KX2A=
github.com/plandem/ooxml v0.0.0-20190816232152-c1c3d0959efa h1:VFQCZJhIfmN6cL6ySns4OzZeOga31LgXPRZdhWN+A/k=
github.com/plandem/ooxml v0.0.0-20190816232152-c1c3d0959efa/go.mod h1:6ZGylBk9B60EDlMS2DjcXt5laACXuY2huRgQME1KX2A=
github.com/plandem/ooxml v0.0.0-20190816232525-ae08eee9c5ff h1:0OGACJOBtbcaXUuDK/YzMioI9iUozIUN4V+4bou/uuE=
github.com/plandem/ooxml v0.0.0-20190816232525-ae08eee9c5ff/go.mod h1:6ZGylBk9B60EDlMS2DjcXt5laACXuY2huRgQME1KX2A=
github.com/plandem/ooxml v0.0.0-20190816233004-430cd8fffb5e h1:GgREuJoEm/UI7XTCWJlzzLzJPbSDBzo7A4R/wlC4YrU=
github.com/plandem/ooxml v0.0.0-20190816233004-430cd8fffb5e/go.mod h1:6ZGylBk9B60EDlMS2DjcXt5laACXuY2huRgQME1KX2A=
github.com/plandem/ooxml v0.0.0-20190817022120-27d9fcc8e91f h1:eL++hIyL9UqM/BpkdnvIV9+0YO87SMN2uhJkDJiE04I=
github.com/plandem/ooxml v0.0.0-20190817022120-27d9fcc8e91f/go.mod h1:6ZGylBk9B60EDlMS2DjcXt5laACXuY2huRgQME1KX2A=
github.com/plandem/ooxml v0.0.0-20190817022917-e1670a1a1091 h1:R18sbaVyXlNGrSuRmNqRQOV2nJXITD2fIsom4Ft7KuI=
github.com/plandem/ooxml v0.0.0-20190817022917-e1670a1a1091/go.mod h1:6ZGylBk9B60EDlMS2DjcXt5laACXuY2huRgQME1KX2A=
github.com/plandem/ooxml v0.0.0-20190817023144-fd52ab77d6a5 h1:wHdkUy+/H9gWFOt+RHRaBheyIhCZ+HI3Rg6c+iUPkgg=
github.com/plandem/ooxml v0.0.0-20190817023144-fd52ab77d6a5/go.mod h1:6ZGylBk9B60EDlMS2DjcXt5laACXuY2huRgQME1KX2A=
github.com/plandem/ooxml v0.0.0-20190817023252-c6b5f1cece52 h1:RH3AODN9CbGs+oz87mXi7BAO2dGnE8oDq2ISWNXqMeA=
github.com/plandem/ooxml v0.0.0-20190817023252-c6b5f1cece52/go.mod h1:6ZGylBk9B60EDlMS2DjcXt5laACXuY2huRgQME1KX2A=
github.com/plandem/ooxml v0.0.0-20190817142344-a3c1dbeae322 h1:RhHqCnwPfDE6rsEP72HNkMS3VJ0/Dbc7+l3BJBNdM9k=
github.com/plandem/ooxml v0.0.0-20190817142344-a3c1dbeae322/go.mod h1:6ZGylBk9B60EDlMS2DjcXt5laACXuY2huRgQME1KX2A=
github.com/plandem/ooxml v0.0.0-20190817144627-227cd8817886 h1:5/rahn20nTKerb3ttob3hFRsxkgU5pqk1W+gR3Uv1GE=
github.com/plandem/ooxml v0.0.0-20190817144627-227cd8817886/go.mod h1:6ZGylBk9B60EDlMS2DjcXt5laACXuY2huRgQME1KX2A=
github.com/plandem/ooxml v0.0.0-20190818021106-0ea0441fb6e3 h1:rOO1cXaxW1ZqQDPe1IkpKLQnpnEdk4Qr23/gzJMjVA8=
github.com/plandem/ooxml v0.0.0-20190818021106-0ea0441fb6e3/go.mod h1:6ZGylBk9B60EDlMS2DjcXt5laACXuY2huRgQME1KX2A=
github.com/plandem/ooxml v0.0.0-20190818021458-5062d7e04f6c h1:n1ZhN2jaJCp8vRRTi5eLeHCkYI+NFo0YX9qOIGjclhs=
github.com/plandem/ooxml v0.0.0-20190818021458-5062d7e04f6c/go.mod h1:6ZGylBk9B60EDlMS2DjcXt5laACXuY2huRgQME1KX2A=
github.com/plandem/ooxml v1.1.0 h1:A5wWAcTleoqSF8W5qGL6TJf5oa7TXm5S+0+HtHKEMZo=
github.com/plandem/ooxml v1.1.0/go.mod h1:6ZGylBk9B60EDlMS2DjcXt5laACXuY2huRgQME1KX2A=
github.com/plandem/ooxml v1.1.1 h1:YfCx3WOfyrIJBajs9V3PU4DVpgLvZDrQsH6Q0v0bwIs=
github.com/plandem/ooxml v1.1.1/go.mod h1:6ZGylBk9B60EDlMS2DjcXt5laACXuY2huRgQME1KX2A=
github.com/plandem/ooxml v1.1.2 h1:f/ML/k501oeQiODK5O7YRheFWLvdgP3X5hzyaKakcnE=
github.com/plandem/ooxml v1.1.2/go.mod h1:6ZGylBk9B60EDlMS2DjcXt5laACXuY2huRgQME1KX2A=
github.com/plandem/ooxml v1.1.4 h1:xCFVkKsgEqFGGw5l4SgFbhP01s6hkK2h3IcSg9kgjdk=
github.com/plandem/ooxml v1.1.4/go.mod h1:6ZGylBk9B60EDlMS2DjcXt5laACXuY2huRgQME1KX2A=
github.com/plandem/ooxml v1.1.5 h1:zznd4br73V7chsGoRV1H/kCJNOMLq8wqi3N6+TtBxLE=
github.com/plandem/ooxml v1.1.5/go.mod h1:6ZGylBk9B60EDlMS2DjcXt5laACXuY2huRgQME1KX2A=
github.com/plandem/ooxml v1.1.6 h1:f3NfHzeBvuWWYipzMHY194R7K3UWVgnbmkovt6Gxwy4=
github.com/plandem/ooxml v1.1.6/go.mod h1:6ZGylBk9B60EDlMS2DjcXt5laACXuY2huRgQME1KX2A=
github.com/plandem/ooxml v1.1.7-0.20190815015056-239ac9c525bb h1:GzZKqo5yTz8g7cGkNCE2yZ5e4G4ZJPoi5p/AqK39yQI=
github.com/plandem/ooxml v1.1.7-0.20190815015056-239ac9c525bb/go.mod h1:6ZGylBk9B60EDlMS2DjcXt5laACXuY2huRgQME1KX2A=
github.com/pmezard/go-difflib v1.0.0 h1:4DBwDE0NGyQoBHbLQYPwSUPoCMWR5BEzIk/f1lZbAQM=
github.com/pmezard/go-difflib v1.0.0/go.mod h1:iKH77koFhYxTK1pcRnkKkqfTogsbg7gZNVY4sRDYZ/4=
github.com/stretchr/objx v0.1.0/go.mod h1:HFkY916IF+rwdDfMAkV7OtwuqBVzrE8GR6GFx+wExME=
github.com/stretchr/testify v1.3.0 h1:TivCn/peBQ7UY8ooIcPgZFpTNSz0Q2U6UrFlUfqbe0Q=
github.com/stretchr/testify v1.3.0/go.mod h1:M5WIy9Dh21IEIfnGCwXGc5bZfKNJtfHm1UVUgZn+9EI=
